{
  "name": "sponsored-push",
  "version": "0.0.2",
  "lockfileVersion": 3,
  "requires": true,
  "packages": {
    "": {
      "name": "sponsored-push",
      "version": "0.0.2",
      "license": "Unlicense",
      "bin": {
        "sponsored-push": "bin/sponsored-push.js"
      },
      "engines": {
        "node": ">=24"
      }
    }
  }
}
